
Microsoft Visual Studio Solution File, Format Version 12.00
# Visual Studio Version 16
VisualStudioVersion = 16.0.29911.84
MinimumVisualStudioVersion = 10.0.40219.1
Project("{FAE04EC0-301F-11D3-BF4B-00C04F79EFBC}") = "nththao_bth12_115", "C:\Users\Admin\Downloads\NguyenThiThao_TH12_115\nththao_bth12_115.csproj", "{DCB5A9A5-6519-4956-A7A2-0DA3A35D4A45}"
EndProject
Project("{2150E333-8FDC-42A3-9474-1A3956D46DE8}") = "Solution Items", "Solution Items", "{E817E7C5-D659-484A-A2F3-1D5DF88F7C29}"
	ProjectSection(SolutionItems) = preProject
		C:\Users\Admin\Downloads\NguyenThiThao_TH12_115\.editorconfig = C:\Users\Admin\Downloads\NguyenThiThao_TH12_115\.editorconfig
	EndProjectSection
EndProject
Global
	GlobalSection(SolutionConfigurationPlatforms) = preSolution
		Debug|Any CPU = Debug|Any CPU
		Release|Any CPU = Release|Any CPU
	EndGlobalSection
	GlobalSection(ProjectConfigurationPlatforms) = postSolution
		{DCB5A9A5-6519-4956-A7A2-0DA3A35D4A45}.Debug|Any CPU.ActiveCfg = Debug|Any CPU
		{DCB5A9A5-6519-4956-A7A2-0DA3A35D4A45}.Debug|Any CPU.Build.0 = Debug|Any CPU
		{DCB5A9A5-6519-4956-A7A2-0DA3A35D4A45}.Release|Any CPU.ActiveCfg = Release|Any CPU
		{DCB5A9A5-6519-4956-A7A2-0DA3A35D4A45}.Release|Any CPU.Build.0 = Release|Any CPU
	EndGlobalSection
	GlobalSection(SolutionProperties) = preSolution
		HideSolutionNode = FALSE
	EndGlobalSection
	GlobalSection(ExtensibilityGlobals) = postSolution
		SolutionGuid = {6405C1AB-04B4-4CDB-BC4C-510511F1591C}
	EndGlobalSection
EndGlobal
