
Microsoft Visual Studio Solution File, Format Version 12.00
# Visual Studio Version 16
VisualStudioVersion = 16.0.29728.190
MinimumVisualStudioVersion = 10.0.40219.1
Project("{FAE04EC0-301F-11D3-BF4B-00C04F79EFBC}") = "ThietKeGiaoDien", "ThietKeGiaoDien.csproj", "{28400E79-49B8-472E-BAC2-6DA7C5BACCBC}"
EndProject
Global
	GlobalSection(SolutionConfigurationPlatforms) = preSolution
		Debug|Any CPU = Debug|Any CPU
		Release|Any CPU = Release|Any CPU
	EndGlobalSection
	GlobalSection(ProjectConfigurationPlatforms) = postSolution
		{28400E79-49B8-472E-BAC2-6DA7C5BACCBC}.Debug|Any CPU.ActiveCfg = Debug|Any CPU
		{28400E79-49B8-472E-BAC2-6DA7C5BACCBC}.Debug|Any CPU.Build.0 = Debug|Any CPU
		{28400E79-49B8-472E-BAC2-6DA7C5BACCBC}.Release|Any CPU.ActiveCfg = Release|Any CPU
		{28400E79-49B8-472E-BAC2-6DA7C5BACCBC}.Release|Any CPU.Build.0 = Release|Any CPU
	EndGlobalSection
	GlobalSection(SolutionProperties) = preSolution
		HideSolutionNode = FALSE
	EndGlobalSection
	GlobalSection(ExtensibilityGlobals) = postSolution
		SolutionGuid = {F5E4BC70-93C5-4F3E-821D-F4C4C942ACC1}
	EndGlobalSection
EndGlobal
