
Microsoft Visual Studio Solution File, Format Version 12.00
# Visual Studio Version 16
VisualStudioVersion = 16.0.30011.22
MinimumVisualStudioVersion = 10.0.40219.1
Project("{FAE04EC0-301F-11D3-BF4B-00C04F79EFBC}") = "Bai12_115", "WindowsFormsApp1\Bai12_115.csproj", "{B26253ED-ADBC-4AB5-9334-B0E70E42403A}"
EndProject
Global
	GlobalSection(SolutionConfigurationPlatforms) = preSolution
		Debug|Any CPU = Debug|Any CPU
		Release|Any CPU = Release|Any CPU
	EndGlobalSection
	GlobalSection(ProjectConfigurationPlatforms) = postSolution
		{B26253ED-ADBC-4AB5-9334-B0E70E42403A}.Debug|Any CPU.ActiveCfg = Debug|Any CPU
		{B26253ED-ADBC-4AB5-9334-B0E70E42403A}.Debug|Any CPU.Build.0 = Debug|Any CPU
		{B26253ED-ADBC-4AB5-9334-B0E70E42403A}.Release|Any CPU.ActiveCfg = Release|Any CPU
		{B26253ED-ADBC-4AB5-9334-B0E70E42403A}.Release|Any CPU.Build.0 = Release|Any CPU
	EndGlobalSection
	GlobalSection(SolutionProperties) = preSolution
		HideSolutionNode = FALSE
	EndGlobalSection
	GlobalSection(ExtensibilityGlobals) = postSolution
		SolutionGuid = {F7F61004-7730-4170-A7E9-7AAE5868C10C}
	EndGlobalSection
EndGlobal
